<Solution>
  <Folder Name="/src/">
    <Project Path="src/NexKnx.OilTankWatcher/NexKnx.OilTankWatcher.csproj" />
  </Folder>
  <Folder Name="/tests/">
    <Project Path="tests/NexKnx.OilTankWatcher.Tests/NexKnx.OilTankWatcher.Tests.csproj" />
  </Folder>
  <Folder Name="/aspire/">
    <Project Path="aspire/NexKnx.OilTankWatcher.AppHost/NexKnx.OilTankWatcher.AppHost.csproj" />
    <Project Path="aspire/NexKnx.OilTankWatcher.ServiceDefaults/NexKnx.OilTankWatcher.ServiceDefaults.csproj" />
  </Folder>
</Solution>
